{
  "originHash" : "966038d005fa000b7d6f15ced66e418c49be6dd806fafe2202c5b095e1fbe863",
  "pins" : [
    {
      "identity" : "charts",
      "kind" : "remoteSourceControl",
      "location" : "https://github.com/danielgindi/Charts.git",
      "state" : {
        "revision" : "dd9c72e3d7e751e769971092a6bd72d39198ae63",
        "version" : "5.1.0"
      }
    },
    {
      "identity" : "drivekit-sdk-spm",
      "kind" : "remoteSourceControl",
      "location" : "https://github.com/DriveQuantPublic/drivekit-sdk-spm.git",
      "state" : {
        "revision" : "f8158bcb5ef9cf5378c68104274798f169f491fc",
        "version" : "2.16.0"
      }
    },
    {
      "identity" : "drivekit-ui-ios",
      "kind" : "remoteSourceControl",
      "location" : "https://github.com/DriveQuantPublic/drivekit-ui-ios.git",
      "state" : {
        "revision" : "32b7142be1b53f2de593de8e53510002921196ee",
        "version" : "2.14.0"
      }
    },
    {
      "identity" : "rangeslider",
      "kind" : "remoteSourceControl",
      "location" : "https://github.com/warchimede/RangeSlider.git",
      "state" : {
        "revision" : "a622cf0a2e18564388a5cd03ddef13e0d7b4f88c",
        "version" : "1.2.0"
      }
    }
  ],
  "version" : 3
}
