{
  "originHash" : "237f247a678523d98ba1c7987a835a25fddf2335a73d42494e7bf9c7147779be",
  "pins" : [
    {
      "identity" : "charts",
      "kind" : "remoteSourceControl",
      "location" : "https://github.com/danielgindi/Charts.git",
      "state" : {
        "revision" : "dd9c72e3d7e751e769971092a6bd72d39198ae63",
        "version" : "5.1.0"
      }
    },
    {
      "identity" : "drivekit-sdk-spm",
      "kind" : "remoteSourceControl",
      "location" : "https://github.com/DriveQuantPublic/drivekit-sdk-spm.git",
      "state" : {
        "revision" : "6a20383a8d465ceae8216c0a425d30e6b6ad36d3",
        "version" : "2.18.1"
      }
    },
    {
      "identity" : "drivekit-ui-ios",
      "kind" : "remoteSourceControl",
      "location" : "https://github.com/DriveQuantPublic/drivekit-ui-ios.git",
      "state" : {
        "revision" : "147522c0b9d3cf4c69d04decc7c7753b756c6616",
        "version" : "2.16.1"
      }
    },
    {
      "identity" : "rangeslider",
      "kind" : "remoteSourceControl",
      "location" : "https://github.com/warchimede/RangeSlider.git",
      "state" : {
        "revision" : "a622cf0a2e18564388a5cd03ddef13e0d7b4f88c",
        "version" : "1.2.0"
      }
    }
  ],
  "version" : 3
}
