{
  "originHash" : "237f247a678523d98ba1c7987a835a25fddf2335a73d42494e7bf9c7147779be",
  "pins" : [
    {
      "identity" : "charts",
      "kind" : "remoteSourceControl",
      "location" : "https://github.com/danielgindi/Charts.git",
      "state" : {
        "revision" : "dd9c72e3d7e751e769971092a6bd72d39198ae63",
        "version" : "5.1.0"
      }
    },
    {
      "identity" : "drivekit-sdk-spm",
      "kind" : "remoteSourceControl",
      "location" : "https://github.com/DriveQuantPublic/drivekit-sdk-spm.git",
      "state" : {
        "revision" : "721a9558d7c86b39e930c8ed34a651d6dfe3e7ba",
        "version" : "2.17.0"
      }
    },
    {
      "identity" : "drivekit-ui-ios",
      "kind" : "remoteSourceControl",
      "location" : "https://github.com/DriveQuantPublic/drivekit-ui-ios.git",
      "state" : {
        "revision" : "ea8744dfa54634405a88f20b25e06ca26d08d137",
        "version" : "2.15.0"
      }
    },
    {
      "identity" : "rangeslider",
      "kind" : "remoteSourceControl",
      "location" : "https://github.com/warchimede/RangeSlider.git",
      "state" : {
        "revision" : "a622cf0a2e18564388a5cd03ddef13e0d7b4f88c",
        "version" : "1.2.0"
      }
    }
  ],
  "version" : 3
}
